// !$*UTF8*$!
{
	archiveVersion = 1;
	classes = {
	};
	objectVersion = 56;
	objects = {

/* Begin PBXBuildFile section */
		84ABD1152C05CCD900F09644 /* AppDelegate.swift in Sources */ = {isa = PBXBuildFile; fileRef = 84ABD1142C05CCD900F09644 /* AppDelegate.swift */; };
		84ABD1172C05CCD900F09644 /* SceneDelegate.swift in Sources */ = {isa = PBXBuildFile; fileRef = 84ABD1162C05CCD900F09644 /* SceneDelegate.swift */; };
		84ABD1192C05CCD900F09644 /* ViewController.swift in Sources */ = {isa = PBXBuildFile; fileRef = 84ABD1182C05CCD900F09644 /* ViewController.swift */; };
		84ABD11C2C05CCD900F09644 /* Main.storyboard in Resources */ = {isa = PBXBuildFile; fileRef = 84ABD11A2C05CCD900F09644 /* Main.storyboard */; };
		84ABD11E2C05CCDB00F09644 /* Assets.xcassets in Resources */ = {isa = PBXBuildFile; fileRef = 84ABD11D2C05CCDB00F09644 /* Assets.xcassets */; };
		84ABD1212C05CCDB00F09644 /* LaunchScreen.storyboard in Resources */ = {isa = PBXBuildFile; fileRef = 84ABD11F2C05CCDB00F09644 /* LaunchScreen.storyboard */; };
		84ABD1292C05D0D400F09644 /* ApiManager.swift in Sources */ = {isa = PBXBuildFile; fileRef = 84ABD1282C05D0D400F09644 /* ApiManager.swift */; };
		84ABD12B2C05D46D00F09644 /* WeatherData.swift in Sources */ = {isa = PBXBuildFile; fileRef = 84ABD12A2C05D46D00F09644 /* WeatherData.swift */; };
		B729367ECCC2ECC3B2370B76 /* Pods_weather_Api.framework in Frameworks */ = {isa = PBXBuildFile; fileRef = 94E21B7215EF669BD3503BC5 /* Pods_weather_Api.framework */; };
/* End PBXBuildFile section */

/* Begin PBXFileReference section */
		623CA6C87E332038EA4F2572 /* Pods-weather_Api.release.xcconfig */ = {isa = PBXFileReference; includeInIndex = 1; lastKnownFileType = text.xcconfig; name = "Pods-weather_Api.release.xcconfig"; path = "Target Support Files/Pods-weather_Api/Pods-weather_Api.release.xcconfig"; sourceTree = "<group>"; };
		84ABD1112C05CCD900F09644 /* weather_Api.app */ = {isa = PBXFileReference; explicitFileType = wrapper.application; includeInIndex = 0; path = weather_Api.app; sourceTree = BUILT_PRODUCTS_DIR; };
		84ABD1142C05CCD900F09644 /* AppDelegate.swift */ = {isa = PBXFileReference; lastKnownFileType = sourcecode.swift; path = AppDelegate.swift; sourceTree = "<group>"; };
		84ABD1162C05CCD900F09644 /* SceneDelegate.swift */ = {isa = PBXFileReference; lastKnownFileType = sourcecode.swift; path = SceneDelegate.swift; sourceTree = "<group>"; };
		84ABD1182C05CCD900F09644 /* ViewController.swift */ = {isa = PBXFileReference; lastKnownFileType = sourcecode.swift; path = ViewController.swift; sourceTree = "<group>"; };
		84ABD11B2C05CCD900F09644 /* Base */ = {isa = PBXFileReference; lastKnownFileType = file.storyboard; name = Base; path = Base.lproj/Main.storyboard; sourceTree = "<group>"; };
		84ABD11D2C05CCDB00F09644 /* Assets.xcassets */ = {isa = PBXFileReference; lastKnownFileType = folder.assetcatalog; path = Assets.xcassets; sourceTree = "<group>"; };
		84ABD1202C05CCDB00F09644 /* Base */ = {isa = PBXFileReference; lastKnownFileType = file.storyboard; name = Base; path = Base.lproj/LaunchScreen.storyboard; sourceTree = "<group>"; };
		84ABD1222C05CCDB00F09644 /* Info.plist */ = {isa = PBXFileReference; lastKnownFileType = text.plist.xml; path = Info.plist; sourceTree = "<group>"; };
		84ABD1282C05D0D400F09644 /* ApiManager.swift */ = {isa = PBXFileReference; lastKnownFileType = sourcecode.swift; path = ApiManager.swift; sourceTree = "<group>"; };
		84ABD12A2C05D46D00F09644 /* WeatherData.swift */ = {isa = PBXFileReference; lastKnownFileType = sourcecode.swift; path = WeatherData.swift; sourceTree = "<group>"; };
		94E21B7215EF669BD3503BC5 /* Pods_weather_Api.framework */ = {isa = PBXFileReference; explicitFileType = wrapper.framework; includeInIndex = 0; path = Pods_weather_Api.framework; sourceTree = BUILT_PRODUCTS_DIR; };
		C788237407A08D297720B20C /* Pods-weather_Api.debug.xcconfig */ = {isa = PBXFileReference; includeInIndex = 1; lastKnownFileType = text.xcconfig; name = "Pods-weather_Api.debug.xcconfig"; path = "Target Support Files/Pods-weather_Api/Pods-weather_Api.debug.xcconfig"; sourceTree = "<group>"; };
/* End PBXFileReference section */

/* Begin PBXFrameworksBuildPhase section */
		84ABD10E2C05CCD900F09644 /* Frameworks */ = {
			isa = PBXFrameworksBuildPhase;
			buildActionMask = 2147483647;
			files = (
				B729367ECCC2ECC3B2370B76 /* Pods_weather_Api.framework in Frameworks */,
			);
			runOnlyForDeploymentPostprocessing = 0;
		};
/* End PBXFrameworksBuildPhase section */

/* Begin PBXGroup section */
		4DE1AC89BF9D44311996BD8A /* Frameworks */ = {
			isa = PBXGroup;
			children = (
				94E21B7215EF669BD3503BC5 /* Pods_weather_Api.framework */,
			);
			name = Frameworks;
			sourceTree = "<group>";
		};
		84ABD1082C05CCD900F09644 = {
			isa = PBXGroup;
			children = (
				84ABD1132C05CCD900F09644 /* weather_Api */,
				84ABD1122C05CCD900F09644 /* Products */,
				E3885A086A4EF69ADCE0189B /* Pods */,
				4DE1AC89BF9D44311996BD8A /* Frameworks */,
			);
			sourceTree = "<group>";
		};
		84ABD1122C05CCD900F09644 /* Products */ = {
			isa = PBXGroup;
			children = (
				84ABD1112C05CCD900F09644 /* weather_Api.app */,
			);
			name = Products;
			sourceTree = "<group>";
		};
		84ABD1132C05CCD900F09644 /* weather_Api */ = {
			isa = PBXGroup;
			children = (
				84ABD1142C05CCD900F09644 /* AppDelegate.swift */,
				84ABD1162C05CCD900F09644 /* SceneDelegate.swift */,
				84ABD1182C05CCD900F09644 /* ViewController.swift */,
				84ABD1282C05D0D400F09644 /* ApiManager.swift */,
				84ABD12A2C05D46D00F09644 /* WeatherData.swift */,
				84ABD11A2C05CCD900F09644 /* Main.storyboard */,
				84ABD11D2C05CCDB00F09644 /* Assets.xcassets */,
				84ABD11F2C05CCDB00F09644 /* LaunchScreen.storyboard */,
				84ABD1222C05CCDB00F09644 /* Info.plist */,
			);
			path = weather_Api;
			sourceTree = "<group>";
		};
		E3885A086A4EF69ADCE0189B /* Pods */ = {
			isa = PBXGroup;
			children = (
				C788237407A08D297720B20C /* Pods-weather_Api.debug.xcconfig */,
				623CA6C87E332038EA4F2572 /* Pods-weather_Api.release.xcconfig */,
			);
			path = Pods;
			sourceTree = "<group>";
		};
/* End PBXGroup section */

/* Begin PBXNativeTarget section */
		84ABD1102C05CCD900F09644 /* weather_Api */ = {
			isa = PBXNativeTarget;
			buildConfigurationList = 84ABD1252C05CCDB00F09644 /* Build configuration list for PBXNativeTarget "weather_Api" */;
			buildPhases = (
				F37A030F8B62762C0A482923 /* [CP] Check Pods Manifest.lock */,
				84ABD10D2C05CCD900F09644 /* Sources */,
				84ABD10E2C05CCD900F09644 /* Frameworks */,
				84ABD10F2C05CCD900F09644 /* Resources */,
				FC26062BEBCDDA8EC8F40032 /* [CP] Embed Pods Frameworks */,
			);
			buildRules = (
			);
			dependencies = (
			);
			name = weather_Api;
			productName = weather_Api;
			productReference = 84ABD1112C05CCD900F09644 /* weather_Api.app */;
			productType = "com.apple.product-type.application";
		};
/* End PBXNativeTarget section */

/* Begin PBXProject section */
		84ABD1092C05CCD900F09644 /* Project object */ = {
			isa = PBXProject;
			attributes = {
				BuildIndependentTargetsInParallel = 1;
				LastSwiftUpdateCheck = 1420;
				LastUpgradeCheck = 1420;
				TargetAttributes = {
					84ABD1102C05CCD900F09644 = {
						CreatedOnToolsVersion = 14.2;
					};
				};
			};
			buildConfigurationList = 84ABD10C2C05CCD900F09644 /* Build configuration list for PBXProject "weather_Api" */;
			compatibilityVersion = "Xcode 14.0";
			developmentRegion = en;
			hasScannedForEncodings = 0;
			knownRegions = (
				en,
				Base,
			);
			mainGroup = 84ABD1082C05CCD900F09644;
			productRefGroup = 84ABD1122C05CCD900F09644 /* Products */;
			projectDirPath = "";
			projectRoot = "";
			targets = (
				84ABD1102C05CCD900F09644 /* weather_Api */,
			);
		};
/* End PBXProject section */

/* Begin PBXResourcesBuildPhase section */
		84ABD10F2C05CCD900F09644 /* Resources */ = {
			isa = PBXResourcesBuildPhase;
			buildActionMask = 2147483647;
			files = (
				84ABD1212C05CCDB00F09644 /* LaunchScreen.storyboard in Resources */,
				84ABD11E2C05CCDB00F09644 /* Assets.xcassets in Resources */,
				84ABD11C2C05CCD900F09644 /* Main.storyboard in Resources */,
			);
			runOnlyForDeploymentPostprocessing = 0;
		};
/* End PBXResourcesBuildPhase section */

/* Begin PBXShellScriptBuildPhase section */
		F37A030F8B62762C0A482923 /* [CP] Check Pods Manifest.lock */ = {
			isa = PBXShellScriptBuildPhase;
			buildActionMask = 2147483647;
			files = (
			);
			inputFileListPaths = (
			);
			inputPaths = (
				"${PODS_PODFILE_DIR_PATH}/Podfile.lock",
				"${PODS_ROOT}/Manifest.lock",
			);
			name = "[CP] Check Pods Manifest.lock";
			outputFileListPaths = (
			);
			outputPaths = (
				"$(DERIVED_FILE_DIR)/Pods-weather_Api-checkManifestLockResult.txt",
			);
			runOnlyForDeploymentPostprocessing = 0;
			shellPath = /bin/sh;
			shellScript = "diff \"${PODS_PODFILE_DIR_PATH}/Podfile.lock\" \"${PODS_ROOT}/Manifest.lock\" > /dev/null\nif [ $? != 0 ] ; then\n    # print error to STDERR\n    echo \"error: The sandbox is not in sync with the Podfile.lock. Run 'pod install' or update your CocoaPods installation.\" >&2\n    exit 1\nfi\n# This output is used by Xcode 'outputs' to avoid re-running this script phase.\necho \"SUCCESS\" > \"${SCRIPT_OUTPUT_FILE_0}\"\n";
			showEnvVarsInLog = 0;
		};
		FC26062BEBCDDA8EC8F40032 /* [CP] Embed Pods Frameworks */ = {
			isa = PBXShellScriptBuildPhase;
			buildActionMask = 2147483647;
			files = (
			);
			inputFileListPaths = (
				"${PODS_ROOT}/Target Support Files/Pods-weather_Api/Pods-weather_Api-frameworks-${CONFIGURATION}-input-files.xcfilelist",
			);
			name = "[CP] Embed Pods Frameworks";
			outputFileListPaths = (
				"${PODS_ROOT}/Target Support Files/Pods-weather_Api/Pods-weather_Api-frameworks-${CONFIGURATION}-output-files.xcfilelist",
			);
			runOnlyForDeploymentPostprocessing = 0;
			shellPath = /bin/sh;
			shellScript = "\"${PODS_ROOT}/Target Support Files/Pods-weather_Api/Pods-weather_Api-frameworks.sh\"\n";
			showEnvVarsInLog = 0;
		};
/* End PBXShellScriptBuildPhase section */

/* Begin PBXSourcesBuildPhase section */
		84ABD10D2C05CCD900F09644 /* Sources */ = {
			isa = PBXSourcesBuildPhase;
			buildActionMask = 2147483647;
			files = (
				84ABD1292C05D0D400F09644 /* ApiManager.swift in Sources */,
				84ABD12B2C05D46D00F09644 /* WeatherData.swift in Sources */,
				84ABD1192C05CCD900F09644 /* ViewController.swift in Sources */,
				84ABD1152C05CCD900F09644 /* AppDelegate.swift in Sources */,
				84ABD1172C05CCD900F09644 /* SceneDelegate.swift in Sources */,
			);
			runOnlyForDeploymentPostprocessing = 0;
		};
/* End PBXSourcesBuildPhase section */

/* Begin PBXVariantGroup section */
		84ABD11A2C05CCD900F09644 /* Main.storyboard */ = {
			isa = PBXVariantGroup;
			children = (
				84ABD11B2C05CCD900F09644 /* Base */,
			);
			name = Main.storyboard;
			sourceTree = "<group>";
		};
		84ABD11F2C05CCDB00F09644 /* LaunchScreen.storyboard */ = {
			isa = PBXVariantGroup;
			children = (
				84ABD1202C05CCDB00F09644 /* Base */,
			);
			name = LaunchScreen.storyboard;
			sourceTree = "<group>";
		};
/* End PBXVariantGroup section */

/* Begin XCBuildConfiguration section */
		84ABD1232C05CCDB00F09644 /* Debug */ = {
			isa = XCBuildConfiguration;
			buildSettings = {
				ALWAYS_SEARCH_USER_PATHS = NO;
				CLANG_ANALYZER_NONNULL = YES;
				CLANG_ANALYZER_NUMBER_OBJECT_CONVERSION = YES_AGGRESSIVE;
				CLANG_CXX_LANGUAGE_STANDARD = "gnu++20";
				CLANG_ENABLE_MODULES = YES;
				CLANG_ENABLE_OBJC_ARC = YES;
				CLANG_ENABLE_OBJC_WEAK = YES;
				CLANG_WARN_BLOCK_CAPTURE_AUTORELEASING = YES;
				CLANG_WARN_BOOL_CONVERSION = YES;
				CLANG_WARN_COMMA = YES;
				CLANG_WARN_CONSTANT_CONVERSION = YES;
				CLANG_WARN_DEPRECATED_OBJC_IMPLEMENTATIONS = YES;
				CLANG_WARN_DIRECT_OBJC_ISA_USAGE = YES_ERROR;
				CLANG_WARN_DOCUMENTATION_COMMENTS = YES;
				CLANG_WARN_EMPTY_BODY = YES;
				CLANG_WARN_ENUM_CONVERSION = YES;
				CLANG_WARN_INFINITE_RECURSION = YES;
				CLANG_WARN_INT_CONVERSION = YES;
				CLANG_WARN_NON_LITERAL_NULL_CONVERSION = YES;
				CLANG_WARN_OBJC_IMPLICIT_RETAIN_SELF = YES;
				CLANG_WARN_OBJC_LITERAL_CONVERSION = YES;
				CLANG_WARN_OBJC_ROOT_CLASS = YES_ERROR;
				CLANG_WARN_QUOTED_INCLUDE_IN_FRAMEWORK_HEADER = YES;
				CLANG_WARN_RANGE_LOOP_ANALYSIS = YES;
				CLANG_WARN_STRICT_PROTOTYPES = YES;
				CLANG_WARN_SUSPICIOUS_MOVE = YES;
				CLANG_WARN_UNGUARDED_AVAILABILITY = YES_AGGRESSIVE;
				CLANG_WARN_UNREACHABLE_CODE = YES;
				CLANG_WARN__DUPLICATE_METHOD_MATCH = YES;
				COPY_PHASE_STRIP = NO;
				DEBUG_INFORMATION_FORMAT = dwarf;
				ENABLE_STRICT_OBJC_MSGSEND = YES;
				ENABLE_TESTABILITY = YES;
				GCC_C_LANGUAGE_STANDARD = gnu11;
				GCC_DYNAMIC_NO_PIC = NO;
				GCC_NO_COMMON_BLOCKS = YES;
				GCC_OPTIMIZATION_LEVEL = 0;
				GCC_PREPROCESSOR_DEFINITIONS = (
					"DEBUG=1",
					"$(inherited)",
				);
				GCC_WARN_64_TO_32_BIT_CONVERSION = YES;
				GCC_WARN_ABOUT_RETURN_TYPE = YES_ERROR;
				GCC_WARN_UNDECLARED_SELECTOR = YES;
				GCC_WARN_UNINITIALIZED_AUTOS = YES_AGGRESSIVE;
				GCC_WARN_UNUSED_FUNCTION = YES;
				GCC_WARN_UNUSED_VARIABLE = YES;
				IPHONEOS_DEPLOYMENT_TARGET = 16.2;
				MTL_ENABLE_DEBUG_INFO = INCLUDE_SOURCE;
				MTL_FAST_MATH = YES;
				ONLY_ACTIVE_ARCH = YES;
				SDKROOT = iphoneos;
				SWIFT_ACTIVE_COMPILATION_CONDITIONS = DEBUG;
				SWIFT_OPTIMIZATION_LEVEL = "-Onone";
			};
			name = Debug;
		};
		84ABD1242C05CCDB00F09644 /* Release */ = {
			isa = XCBuildConfiguration;
			buildSettings = {
				ALWAYS_SEARCH_USER_PATHS = NO;
				CLANG_ANALYZER_NONNULL = YES;
				CLANG_ANALYZER_NUMBER_OBJECT_CONVERSION = YES_AGGRESSIVE;
				CLANG_CXX_LANGUAGE_STANDARD = "gnu++20";
				CLANG_ENABLE_MODULES = YES;
				CLANG_ENABLE_OBJC_ARC = YES;
				CLANG_ENABLE_OBJC_WEAK = YES;
				CLANG_WARN_BLOCK_CAPTURE_AUTORELEASING = YES;
				CLANG_WARN_BOOL_CONVERSION = YES;
				CLANG_WARN_COMMA = YES;
				CLANG_WARN_CONSTANT_CONVERSION = YES;
				CLANG_WARN_DEPRECATED_OBJC_IMPLEMENTATIONS = YES;
				CLANG_WARN_DIRECT_OBJC_ISA_USAGE = YES_ERROR;
				CLANG_WARN_DOCUMENTATION_COMMENTS = YES;
				CLANG_WARN_EMPTY_BODY = YES;
				CLANG_WARN_ENUM_CONVERSION = YES;
				CLANG_WARN_INFINITE_RECURSION = YES;
				CLANG_WARN_INT_CONVERSION = YES;
				CLANG_WARN_NON_LITERAL_NULL_CONVERSION = YES;
				CLANG_WARN_OBJC_IMPLICIT_RETAIN_SELF = YES;
				CLANG_WARN_OBJC_LITERAL_CONVERSION = YES;
				CLANG_WARN_OBJC_ROOT_CLASS = YES_ERROR;
				CLANG_WARN_QUOTED_INCLUDE_IN_FRAMEWORK_HEADER = YES;
				CLANG_WARN_RANGE_LOOP_ANALYSIS = YES;
				CLANG_WARN_STRICT_PROTOTYPES = YES;
				CLANG_WARN_SUSPICIOUS_MOVE = YES;
				CLANG_WARN_UNGUARDED_AVAILABILITY = YES_AGGRESSIVE;
				CLANG_WARN_UNREACHABLE_CODE = YES;
				CLANG_WARN__DUPLICATE_METHOD_MATCH = YES;
				COPY_PHASE_STRIP = NO;
				DEBUG_INFORMATION_FORMAT = "dwarf-with-dsym";
				ENABLE_NS_ASSERTIONS = NO;
				ENABLE_STRICT_OBJC_MSGSEND = YES;
				GCC_C_LANGUAGE_STANDARD = gnu11;
				GCC_NO_COMMON_BLOCKS = YES;
				GCC_WARN_64_TO_32_BIT_CONVERSION = YES;
				GCC_WARN_ABOUT_RETURN_TYPE = YES_ERROR;
				GCC_WARN_UNDECLARED_SELECTOR = YES;
				GCC_WARN_UNINITIALIZED_AUTOS = YES_AGGRESSIVE;
				GCC_WARN_UNUSED_FUNCTION = YES;
				GCC_WARN_UNUSED_VARIABLE = YES;
				IPHONEOS_DEPLOYMENT_TARGET = 16.2;
				MTL_ENABLE_DEBUG_INFO = NO;
				MTL_FAST_MATH = YES;
				SDKROOT = iphoneos;
				SWIFT_COMPILATION_MODE = wholemodule;
				SWIFT_OPTIMIZATION_LEVEL = "-O";
				VALIDATE_PRODUCT = YES;
			};
			name = Release;
		};
		84ABD1262C05CCDB00F09644 /* Debug */ = {
			isa = XCBuildConfiguration;
			baseConfigurationReference = C788237407A08D297720B20C /* Pods-weather_Api.debug.xcconfig */;
			buildSettings = {
				ASSETCATALOG_COMPILER_APPICON_NAME = AppIcon;
				ASSETCATALOG_COMPILER_GLOBAL_ACCENT_COLOR_NAME = AccentColor;
				CODE_SIGN_STYLE = Automatic;
				CURRENT_PROJECT_VERSION = 1;
				GENERATE_INFOPLIST_FILE = YES;
				INFOPLIST_FILE = weather_Api/Info.plist;
				INFOPLIST_KEY_UIApplicationSupportsIndirectInputEvents = YES;
				INFOPLIST_KEY_UILaunchStoryboardName = LaunchScreen;
				INFOPLIST_KEY_UIMainStoryboardFile = Main;
				INFOPLIST_KEY_UISupportedInterfaceOrientations_iPad = "UIInterfaceOrientationPortrait UIInterfaceOrientationPortraitUpsideDown UIInterfaceOrientationLandscapeLeft UIInterfaceOrientationLandscapeRight";
				INFOPLIST_KEY_UISupportedInterfaceOrientations_iPhone = "UIInterfaceOrientationPortrait UIInterfaceOrientationLandscapeLeft UIInterfaceOrientationLandscapeRight";
				LD_RUNPATH_SEARCH_PATHS = (
					"$(inherited)",
					"@executable_path/Frameworks",
				);
				MARKETING_VERSION = 1.0;
				PRODUCT_BUNDLE_IDENTIFIER = "shodon.weather-Api";
				PRODUCT_NAME = "$(TARGET_NAME)";
				SWIFT_EMIT_LOC_STRINGS = YES;
				SWIFT_VERSION = 5.0;
				TARGETED_DEVICE_FAMILY = "1,2";
			};
			name = Debug;
		};
		84ABD1272C05CCDB00F09644 /* Release */ = {
			isa = XCBuildConfiguration;
			baseConfigurationReference = 623CA6C87E332038EA4F2572 /* Pods-weather_Api.release.xcconfig */;
			buildSettings = {
				ASSETCATALOG_COMPILER_APPICON_NAME = AppIcon;
				ASSETCATALOG_COMPILER_GLOBAL_ACCENT_COLOR_NAME = AccentColor;
				CODE_SIGN_STYLE = Automatic;
				CURRENT_PROJECT_VERSION = 1;
				GENERATE_INFOPLIST_FILE = YES;
				INFOPLIST_FILE = weather_Api/Info.plist;
				INFOPLIST_KEY_UIApplicationSupportsIndirectInputEvents = YES;
				INFOPLIST_KEY_UILaunchStoryboardName = LaunchScreen;
				INFOPLIST_KEY_UIMainStoryboardFile = Main;
				INFOPLIST_KEY_UISupportedInterfaceOrientations_iPad = "UIInterfaceOrientationPortrait UIInterfaceOrientationPortraitUpsideDown UIInterfaceOrientationLandscapeLeft UIInterfaceOrientationLandscapeRight";
				INFOPLIST_KEY_UISupportedInterfaceOrientations_iPhone = "UIInterfaceOrientationPortrait UIInterfaceOrientationLandscapeLeft UIInterfaceOrientationLandscapeRight";
				LD_RUNPATH_SEARCH_PATHS = (
					"$(inherited)",
					"@executable_path/Frameworks",
				);
				MARKETING_VERSION = 1.0;
				PRODUCT_BUNDLE_IDENTIFIER = "shodon.weather-Api";
				PRODUCT_NAME = "$(TARGET_NAME)";
				SWIFT_EMIT_LOC_STRINGS = YES;
				SWIFT_VERSION = 5.0;
				TARGETED_DEVICE_FAMILY = "1,2";
			};
			name = Release;
		};
/* End XCBuildConfiguration section */

/* Begin XCConfigurationList section */
		84ABD10C2C05CCD900F09644 /* Build configuration list for PBXProject "weather_Api" */ = {
			isa = XCConfigurationList;
			buildConfigurations = (
				84ABD1232C05CCDB00F09644 /* Debug */,
				84ABD1242C05CCDB00F09644 /* Release */,
			);
			defaultConfigurationIsVisible = 0;
			defaultConfigurationName = Release;
		};
		84ABD1252C05CCDB00F09644 /* Build configuration list for PBXNativeTarget "weather_Api" */ = {
			isa = XCConfigurationList;
			buildConfigurations = (
				84ABD1262C05CCDB00F09644 /* Debug */,
				84ABD1272C05CCDB00F09644 /* Release */,
			);
			defaultConfigurationIsVisible = 0;
			defaultConfigurationName = Release;
		};
/* End XCConfigurationList section */
	};
	rootObject = 84ABD1092C05CCD900F09644 /* Project object */;
}
